# @generated - this file is auto-generated by `mise lock` https://mise.jdx.dev/dev-tools/mise-lock.html

[[tools."go:github.com/fzipp/gocyclo/cmd/gocyclo"]]
version = "0.6.0"
backend = "go:github.com/fzipp/gocyclo/cmd/gocyclo"

[[tools."go:github.com/uudashr/gocognit/cmd/gocognit"]]
version = "1.2.1"
backend = "go:github.com/uudashr/gocognit/cmd/gocognit"

[[tools."go:golang.org/x/vuln/cmd/govulncheck"]]
version = "1.6.0"
backend = "go:golang.org/x/vuln/cmd/govulncheck"
