# @generated - this file is auto-generated by `mise lock` https://mise.jdx.dev/dev-tools/mise-lock.html

[[tools.actionlint]]
version = "1.7.11"
backend = "aqua:rhysd/actionlint"

[tools.actionlint."platforms.linux-arm64"]
checksum = "sha256:21bc0dfb57a913fe175298c2a9e906ee630f747cb66d0a934d0d4b69f4ee1235"
url = "https://github.com/rhysd/actionlint/releases/download/v1.7.11/actionlint_1.7.11_linux_arm64.tar.gz"
url_api = "https://api.github.com/repos/rhysd/actionlint/releases/assets/355827685"
provenance = "github-attestations"

[tools.actionlint."platforms.linux-arm64-musl"]
checksum = "sha256:21bc0dfb57a913fe175298c2a9e906ee630f747cb66d0a934d0d4b69f4ee1235"
url = "https://github.com/rhysd/actionlint/releases/download/v1.7.11/actionlint_1.7.11_linux_arm64.tar.gz"
url_api = "https://api.github.com/repos/rhysd/actionlint/releases/assets/355827685"
provenance = "github-attestations"

[tools.actionlint."platforms.linux-x64"]
checksum = "sha256:900919a84f2229bac68ca9cd4103ea297abc35e9689ebb842c6e34a3d1b01b0a"
url = "https://github.com/rhysd/actionlint/releases/download/v1.7.11/actionlint_1.7.11_linux_amd64.tar.gz"
url_api = "https://api.github.com/repos/rhysd/actionlint/releases/assets/355827683"
provenance = "github-attestations"

[tools.actionlint."platforms.linux-x64-musl"]
checksum = "sha256:900919a84f2229bac68ca9cd4103ea297abc35e9689ebb842c6e34a3d1b01b0a"
url = "https://github.com/rhysd/actionlint/releases/download/v1.7.11/actionlint_1.7.11_linux_amd64.tar.gz"
url_api = "https://api.github.com/repos/rhysd/actionlint/releases/assets/355827683"
provenance = "github-attestations"

[tools.actionlint."platforms.macos-arm64"]
checksum = "sha256:a21ba7366d8329e7223faee0ed69eb13da27fe8acabb356bb7eb0b7f1e1cb6d8"
url = "https://github.com/rhysd/actionlint/releases/download/v1.7.11/actionlint_1.7.11_darwin_arm64.tar.gz"
url_api = "https://api.github.com/repos/rhysd/actionlint/releases/assets/355827684"
provenance = "github-attestations"

[tools.actionlint."platforms.macos-x64"]
checksum = "sha256:17ffc17fed8f0258ef6ad4aed932d3272464c7ef7d64e1cb0d65aa97c9752107"
url = "https://github.com/rhysd/actionlint/releases/download/v1.7.11/actionlint_1.7.11_darwin_amd64.tar.gz"
url_api = "https://api.github.com/repos/rhysd/actionlint/releases/assets/355827686"
provenance = "github-attestations"

[[tools.go]]
version = "1.26.5"
backend = "core:go"

[tools.go."platforms.linux-arm64"]
checksum = "sha256:fe4789e92b1f33358680864bbe8704289e7bb5fc207d80623c308935bd696d49"
url = "https://dl.google.com/go/go1.26.5.linux-arm64.tar.gz"

[tools.go."platforms.linux-arm64-musl"]
checksum = "sha256:fe4789e92b1f33358680864bbe8704289e7bb5fc207d80623c308935bd696d49"
url = "https://dl.google.com/go/go1.26.5.linux-arm64.tar.gz"

[tools.go."platforms.linux-x64"]
checksum = "sha256:5c2c3b16caefa1d968a94c1daca04a7ca301a496d9b086e17ad77bb81393f053"
url = "https://dl.google.com/go/go1.26.5.linux-amd64.tar.gz"

[tools.go."platforms.linux-x64-musl"]
checksum = "sha256:5c2c3b16caefa1d968a94c1daca04a7ca301a496d9b086e17ad77bb81393f053"
url = "https://dl.google.com/go/go1.26.5.linux-amd64.tar.gz"

[tools.go."platforms.macos-arm64"]
checksum = "sha256:efb87ff28af9a188d0536ef5d42e63dd52ba8263cd7344a993cc48dd11dedb6a"
url = "https://dl.google.com/go/go1.26.5.darwin-arm64.tar.gz"

[tools.go."platforms.macos-x64"]
checksum = "sha256:6231d8d3b8f5552ec6cbf6d685bdd5482e1e703214b120e89b3bf0d7bf1ef725"
url = "https://dl.google.com/go/go1.26.5.darwin-amd64.tar.gz"

[[tools.golangci-lint]]
version = "2.11.3"
backend = "aqua:golangci/golangci-lint"

[tools.golangci-lint."platforms.linux-arm64"]
checksum = "sha256:ee3d95f301359e7d578e6d99c8ad5aeadbabc5a13009a30b2b0df11c8058afe9"
url = "https://github.com/golangci/golangci-lint/releases/download/v2.11.3/golangci-lint-2.11.3-linux-arm64.tar.gz"
url_api = "https://api.github.com/repos/golangci/golangci-lint/releases/assets/370749014"
provenance = "github-attestations"

[tools.golangci-lint."platforms.linux-arm64-musl"]
checksum = "sha256:ee3d95f301359e7d578e6d99c8ad5aeadbabc5a13009a30b2b0df11c8058afe9"
url = "https://github.com/golangci/golangci-lint/releases/download/v2.11.3/golangci-lint-2.11.3-linux-arm64.tar.gz"
url_api = "https://api.github.com/repos/golangci/golangci-lint/releases/assets/370749014"
provenance = "github-attestations"

[tools.golangci-lint."platforms.linux-x64"]
checksum = "sha256:87bb8cddbcc825d5778b64e8a91b46c0526b247f4e2f2904dea74ec7450475d1"
url = "https://github.com/golangci/golangci-lint/releases/download/v2.11.3/golangci-lint-2.11.3-linux-amd64.tar.gz"
url_api = "https://api.github.com/repos/golangci/golangci-lint/releases/assets/370748984"
provenance = "github-attestations"

[tools.golangci-lint."platforms.linux-x64-musl"]
checksum = "sha256:87bb8cddbcc825d5778b64e8a91b46c0526b247f4e2f2904dea74ec7450475d1"
url = "https://github.com/golangci/golangci-lint/releases/download/v2.11.3/golangci-lint-2.11.3-linux-amd64.tar.gz"
url_api = "https://api.github.com/repos/golangci/golangci-lint/releases/assets/370748984"
provenance = "github-attestations"

[tools.golangci-lint."platforms.macos-arm64"]
checksum = "sha256:30ee39979c516b9d1adca289a3f93429d130c4c0fda5e57d637850894221f6cc"
url = "https://github.com/golangci/golangci-lint/releases/download/v2.11.3/golangci-lint-2.11.3-darwin-arm64.tar.gz"
url_api = "https://api.github.com/repos/golangci/golangci-lint/releases/assets/370749042"
provenance = "github-attestations"

[tools.golangci-lint."platforms.macos-x64"]
checksum = "sha256:f93bda1f2cc981fd1326464020494be62f387bbf262706e1b3b644e5afacc440"
url = "https://github.com/golangci/golangci-lint/releases/download/v2.11.3/golangci-lint-2.11.3-darwin-amd64.tar.gz"
url_api = "https://api.github.com/repos/golangci/golangci-lint/releases/assets/370749038"
provenance = "github-attestations"

[[tools.goreleaser]]
version = "2.17.0"
backend = "aqua:goreleaser/goreleaser"

[tools.goreleaser."platforms.linux-arm64"]
checksum = "sha256:75f93fc0e25d10d8535ffd0e4abcf39d6784a2467ba453d479ae513729a9ebbf"
url = "https://github.com/goreleaser/goreleaser/releases/download/v2.17.0/goreleaser_Linux_arm64.tar.gz"
url_api = "https://api.github.com/repos/goreleaser/goreleaser/releases/assets/466714135"
provenance = "github-attestations"

[tools.goreleaser."platforms.linux-arm64-musl"]
checksum = "sha256:75f93fc0e25d10d8535ffd0e4abcf39d6784a2467ba453d479ae513729a9ebbf"
url = "https://github.com/goreleaser/goreleaser/releases/download/v2.17.0/goreleaser_Linux_arm64.tar.gz"
url_api = "https://api.github.com/repos/goreleaser/goreleaser/releases/assets/466714135"
provenance = "github-attestations"

[tools.goreleaser."platforms.linux-x64"]
checksum = "sha256:dde10e2d5a13cef969c0eec00c74f359c0ac306d702b1bd291ad9337b4e54c1d"
url = "https://github.com/goreleaser/goreleaser/releases/download/v2.17.0/goreleaser_Linux_x86_64.tar.gz"
url_api = "https://api.github.com/repos/goreleaser/goreleaser/releases/assets/466714136"
provenance = "github-attestations"

[tools.goreleaser."platforms.linux-x64-musl"]
checksum = "sha256:dde10e2d5a13cef969c0eec00c74f359c0ac306d702b1bd291ad9337b4e54c1d"
url = "https://github.com/goreleaser/goreleaser/releases/download/v2.17.0/goreleaser_Linux_x86_64.tar.gz"
url_api = "https://api.github.com/repos/goreleaser/goreleaser/releases/assets/466714136"
provenance = "github-attestations"

[tools.goreleaser."platforms.macos-arm64"]
checksum = "sha256:4106ff54bcaa1d387d3317047169da28aed6ce36c8e035e76cf35ba349db06ef"
url = "https://github.com/goreleaser/goreleaser/releases/download/v2.17.0/goreleaser_Darwin_all.tar.gz"
url_api = "https://api.github.com/repos/goreleaser/goreleaser/releases/assets/466714160"
provenance = "github-attestations"

[tools.goreleaser."platforms.macos-x64"]
checksum = "sha256:4106ff54bcaa1d387d3317047169da28aed6ce36c8e035e76cf35ba349db06ef"
url = "https://github.com/goreleaser/goreleaser/releases/download/v2.17.0/goreleaser_Darwin_all.tar.gz"
url_api = "https://api.github.com/repos/goreleaser/goreleaser/releases/assets/466714160"
provenance = "github-attestations"

[[tools.rumdl]]
version = "0.2.38"
backend = "github:rvben/rumdl"

[tools.rumdl."platforms.linux-arm64"]
checksum = "sha256:31e6b8bf4ed74557decc3f64729128d8bf48cb0a83872363125f9af04ca2abee"
url = "https://github.com/rvben/rumdl/releases/download/v0.2.38/rumdl-v0.2.38-aarch64-unknown-linux-gnu.tar.gz"
url_api = "https://api.github.com/repos/rvben/rumdl/releases/assets/483977333"
provenance = "github-attestations"

[tools.rumdl."platforms.linux-arm64-musl"]
checksum = "sha256:6452cef18d68614bc89cca26a51d844b3a906bcf2364885807d1d5d87a38f750"
url = "https://github.com/rvben/rumdl/releases/download/v0.2.38/rumdl-v0.2.38-aarch64-unknown-linux-musl.tar.gz"
url_api = "https://api.github.com/repos/rvben/rumdl/releases/assets/483977335"
provenance = "github-attestations"

[tools.rumdl."platforms.linux-x64"]
checksum = "sha256:7fad8855620c481bb0116eee59975f021fd31a4ddc5b4e43d67d9e7684a27d03"
url = "https://github.com/rvben/rumdl/releases/download/v0.2.38/rumdl-v0.2.38-x86_64-unknown-linux-gnu.tar.gz"
url_api = "https://api.github.com/repos/rvben/rumdl/releases/assets/483977336"
provenance = "github-attestations"

[tools.rumdl."platforms.linux-x64-musl"]
checksum = "sha256:494e1dd5ab31b9a0161168a9084a2901df0c953aaf1677d53dd740c68fc386e2"
url = "https://github.com/rvben/rumdl/releases/download/v0.2.38/rumdl-v0.2.38-x86_64-unknown-linux-musl.tar.gz"
url_api = "https://api.github.com/repos/rvben/rumdl/releases/assets/483977332"
provenance = "github-attestations"

[tools.rumdl."platforms.macos-arm64"]
checksum = "sha256:53bd2a738210dead496efc1abb04325e4e3d03d886295d73c7aa2c1a56d5c978"
url = "https://github.com/rvben/rumdl/releases/download/v0.2.38/rumdl-v0.2.38-aarch64-apple-darwin.tar.gz"
url_api = "https://api.github.com/repos/rvben/rumdl/releases/assets/483977343"
provenance = "github-attestations"

[tools.rumdl."platforms.macos-x64"]
checksum = "sha256:02eba1c0c3834781d54ae7d45bb1b25433467d9e4e01975cdd470a5e4e064c73"
url = "https://github.com/rvben/rumdl/releases/download/v0.2.38/rumdl-v0.2.38-x86_64-apple-darwin.tar.gz"
url_api = "https://api.github.com/repos/rvben/rumdl/releases/assets/483977337"
provenance = "github-attestations"

[[tools.yamllint]]
version = "1.38.0"
backend = "pipx:yamllint"
