# @generated - this file is auto-generated by `mise lock` https://mise.jdx.dev/dev-tools/mise-lock.html

[[tools.gitleaks]]
version = "8.30.0"
backend = "aqua:gitleaks/gitleaks"

[tools.gitleaks."platforms.linux-arm64"]
checksum = "sha256:b4cbbb6ddf7d1b2a603088cd03a4e3f7ce48ee7fd449b51f7de6ee2906f5fa2f"
url = "https://github.com/gitleaks/gitleaks/releases/download/v8.30.0/gitleaks_8.30.0_linux_arm64.tar.gz"
url_api = "https://api.github.com/repos/gitleaks/gitleaks/releases/assets/321137500"

[tools.gitleaks."platforms.linux-arm64-musl"]
checksum = "sha256:b4cbbb6ddf7d1b2a603088cd03a4e3f7ce48ee7fd449b51f7de6ee2906f5fa2f"
url = "https://github.com/gitleaks/gitleaks/releases/download/v8.30.0/gitleaks_8.30.0_linux_arm64.tar.gz"
url_api = "https://api.github.com/repos/gitleaks/gitleaks/releases/assets/321137500"

[tools.gitleaks."platforms.linux-x64"]
checksum = "sha256:79a3ab579b53f71efd634f3aaf7e04a0fa0cf206b7ed434638d1547a2470a66e"
url = "https://github.com/gitleaks/gitleaks/releases/download/v8.30.0/gitleaks_8.30.0_linux_x64.tar.gz"
url_api = "https://api.github.com/repos/gitleaks/gitleaks/releases/assets/321137328"

[tools.gitleaks."platforms.linux-x64-musl"]
checksum = "sha256:79a3ab579b53f71efd634f3aaf7e04a0fa0cf206b7ed434638d1547a2470a66e"
url = "https://github.com/gitleaks/gitleaks/releases/download/v8.30.0/gitleaks_8.30.0_linux_x64.tar.gz"
url_api = "https://api.github.com/repos/gitleaks/gitleaks/releases/assets/321137328"

[tools.gitleaks."platforms.macos-arm64"]
checksum = "sha256:b251ab2bcd4cd8ba9e56ff37698c033ebf38582b477d21ebd86586d927cf87e7"
url = "https://github.com/gitleaks/gitleaks/releases/download/v8.30.0/gitleaks_8.30.0_darwin_arm64.tar.gz"
url_api = "https://api.github.com/repos/gitleaks/gitleaks/releases/assets/321137755"

[tools.gitleaks."platforms.macos-x64"]
checksum = "sha256:ca221d012d247080c2f6f61f4b7a83bffa2453806b0c195c795bbe9a8c775ed5"
url = "https://github.com/gitleaks/gitleaks/releases/download/v8.30.0/gitleaks_8.30.0_darwin_x64.tar.gz"
url_api = "https://api.github.com/repos/gitleaks/gitleaks/releases/assets/321137635"

[[tools.lefthook]]
version = "1.13.6"
backend = "aqua:evilmartians/lefthook"

[tools.lefthook."platforms.linux-arm64"]
checksum = "sha256:43f46f76e84b8f379fe399e1baaead5613568598e9448b38fc00f9309336f2ca"
url = "https://github.com/evilmartians/lefthook/releases/download/v1.13.6/lefthook_1.13.6_Linux_aarch64.gz"
url_api = "https://api.github.com/repos/evilmartians/lefthook/releases/assets/298904340"

[tools.lefthook."platforms.linux-arm64-musl"]
checksum = "sha256:43f46f76e84b8f379fe399e1baaead5613568598e9448b38fc00f9309336f2ca"
url = "https://github.com/evilmartians/lefthook/releases/download/v1.13.6/lefthook_1.13.6_Linux_aarch64.gz"
url_api = "https://api.github.com/repos/evilmartians/lefthook/releases/assets/298904340"

[tools.lefthook."platforms.linux-x64"]
checksum = "sha256:c2406f881fd0ee1ddc5e1400d809d7d02ba6c908bb0118139689d925691e884e"
url = "https://github.com/evilmartians/lefthook/releases/download/v1.13.6/lefthook_1.13.6_Linux_x86_64.gz"
url_api = "https://api.github.com/repos/evilmartians/lefthook/releases/assets/298904339"

[tools.lefthook."platforms.linux-x64-musl"]
checksum = "sha256:c2406f881fd0ee1ddc5e1400d809d7d02ba6c908bb0118139689d925691e884e"
url = "https://github.com/evilmartians/lefthook/releases/download/v1.13.6/lefthook_1.13.6_Linux_x86_64.gz"
url_api = "https://api.github.com/repos/evilmartians/lefthook/releases/assets/298904339"

[tools.lefthook."platforms.macos-arm64"]
checksum = "sha256:685488fd61ad19482627f3e0d84982e5bcf019298a3d20f93b371d5585a2327e"
url = "https://github.com/evilmartians/lefthook/releases/download/v1.13.6/lefthook_1.13.6_MacOS_arm64.gz"
url_api = "https://api.github.com/repos/evilmartians/lefthook/releases/assets/298904332"

[tools.lefthook."platforms.macos-x64"]
checksum = "sha256:71989dd1d3178b4fa179f3f7906ca135f102ce705b3d36f9b88aed6b976d192d"
url = "https://github.com/evilmartians/lefthook/releases/download/v1.13.6/lefthook_1.13.6_MacOS_x86_64.gz"
url_api = "https://api.github.com/repos/evilmartians/lefthook/releases/assets/298904316"
